
Microsoft Visual Studio Solution File, Format Version 12.00
# Visual Studio Version 16
VisualStudioVersion = 16.0.31702.278
MinimumVisualStudioVersion = 10.0.40219.1
Project("{FAE04EC0-301F-11D3-BF4B-00C04F79EFBC}") = "BasicApplication", "BasicApplication.csproj", "{0F780CD0-E80B-427C-8F15-AA66C4570C05}"
EndProject
Project("{FAE04EC0-301F-11D3-BF4B-00C04F79EFBC}") = "BasicApplication.Domain", "..\BasicApplication.Domain\BasicApplication.Domain.csproj", "{D3FF6C47-A31B-464D-BE07-2027684B16C4}"
EndProject
Project("{FAE04EC0-301F-11D3-BF4B-00C04F79EFBC}") = "BasicApplication.Services", "..\BasicApplication.Services\BasicApplication.Services.csproj", "{26B3A389-2FA6-423F-958D-9AEAF03BAF84}"
EndProject
Global
	GlobalSection(SolutionConfigurationPlatforms) = preSolution
		Debug|Any CPU = Debug|Any CPU
		Release|Any CPU = Release|Any CPU
	EndGlobalSection
	GlobalSection(ProjectConfigurationPlatforms) = postSolution
		{0F780CD0-E80B-427C-8F15-AA66C4570C05}.Debug|Any CPU.ActiveCfg = Debug|Any CPU
		{0F780CD0-E80B-427C-8F15-AA66C4570C05}.Debug|Any CPU.Build.0 = Debug|Any CPU
		{0F780CD0-E80B-427C-8F15-AA66C4570C05}.Release|Any CPU.ActiveCfg = Release|Any CPU
		{0F780CD0-E80B-427C-8F15-AA66C4570C05}.Release|Any CPU.Build.0 = Release|Any CPU
		{D3FF6C47-A31B-464D-BE07-2027684B16C4}.Debug|Any CPU.ActiveCfg = Debug|Any CPU
		{D3FF6C47-A31B-464D-BE07-2027684B16C4}.Debug|Any CPU.Build.0 = Debug|Any CPU
		{D3FF6C47-A31B-464D-BE07-2027684B16C4}.Release|Any CPU.ActiveCfg = Release|Any CPU
		{D3FF6C47-A31B-464D-BE07-2027684B16C4}.Release|Any CPU.Build.0 = Release|Any CPU
		{26B3A389-2FA6-423F-958D-9AEAF03BAF84}.Debug|Any CPU.ActiveCfg = Debug|Any CPU
		{26B3A389-2FA6-423F-958D-9AEAF03BAF84}.Debug|Any CPU.Build.0 = Debug|Any CPU
		{26B3A389-2FA6-423F-958D-9AEAF03BAF84}.Release|Any CPU.ActiveCfg = Release|Any CPU
		{26B3A389-2FA6-423F-958D-9AEAF03BAF84}.Release|Any CPU.Build.0 = Release|Any CPU
	EndGlobalSection
	GlobalSection(SolutionProperties) = preSolution
		HideSolutionNode = FALSE
	EndGlobalSection
	GlobalSection(ExtensibilityGlobals) = postSolution
		SolutionGuid = {053BCFE2-EDAB-4080-BA9D-3AB329CCE903}
	EndGlobalSection
EndGlobal
